
Microsoft Visual Studio Solution File, Format Version 12.00
# Visual Studio Version 16
VisualStudioVersion = 16.0.29613.14
MinimumVisualStudioVersion = 10.0.40219.1
Project("{FAE04EC0-301F-11D3-BF4B-00C04F79EFBC}") = "ConfigurationOptions", "ConfigurationOptions\ConfigurationOptions.csproj", "{9668BBAC-3FF1-4F59-868F-B328F3DE67DB}"
EndProject
Global
	GlobalSection(SolutionConfigurationPlatforms) = preSolution
		Debug|Any CPU = Debug|Any CPU
		Release|Any CPU = Release|Any CPU
	EndGlobalSection
	GlobalSection(ProjectConfigurationPlatforms) = postSolution
		{9668BBAC-3FF1-4F59-868F-B328F3DE67DB}.Debug|Any CPU.ActiveCfg = Debug|Any CPU
		{9668BBAC-3FF1-4F59-868F-B328F3DE67DB}.Debug|Any CPU.Build.0 = Debug|Any CPU
		{9668BBAC-3FF1-4F59-868F-B328F3DE67DB}.Release|Any CPU.ActiveCfg = Release|Any CPU
		{9668BBAC-3FF1-4F59-868F-B328F3DE67DB}.Release|Any CPU.Build.0 = Release|Any CPU
	EndGlobalSection
	GlobalSection(SolutionProperties) = preSolution
		HideSolutionNode = FALSE
	EndGlobalSection
	GlobalSection(ExtensibilityGlobals) = postSolution
		SolutionGuid = {273D9089-AB97-4562-BAFF-8330E38F1830}
	EndGlobalSection
EndGlobal
