
Microsoft Visual Studio Solution File, Format Version 12.00
# Visual Studio Version 16
VisualStudioVersion = 16.0.29613.14
MinimumVisualStudioVersion = 10.0.40219.1
Project("{9A19103F-16F7-4668-BE54-9A1E7A4F7556}") = "HealthCheck", "HealthCheck\HealthCheck.csproj", "{FA1AEA4C-4105-4AF6-8F85-7EA02516BC19}"
EndProject
Project("{FAE04EC0-301F-11D3-BF4B-00C04F79EFBC}") = "HealthCheck.Tests.API", "HealthCheck.Tests.API\HealthCheck.Tests.API.csproj", "{515F5107-7126-4E5E-A99F-8C0B5FB9C6EC}"
EndProject
Global
	GlobalSection(SolutionConfigurationPlatforms) = preSolution
		Debug|Any CPU = Debug|Any CPU
		Release|Any CPU = Release|Any CPU
	EndGlobalSection
	GlobalSection(ProjectConfigurationPlatforms) = postSolution
		{FA1AEA4C-4105-4AF6-8F85-7EA02516BC19}.Debug|Any CPU.ActiveCfg = Debug|Any CPU
		{FA1AEA4C-4105-4AF6-8F85-7EA02516BC19}.Debug|Any CPU.Build.0 = Debug|Any CPU
		{FA1AEA4C-4105-4AF6-8F85-7EA02516BC19}.Release|Any CPU.ActiveCfg = Release|Any CPU
		{FA1AEA4C-4105-4AF6-8F85-7EA02516BC19}.Release|Any CPU.Build.0 = Release|Any CPU
		{515F5107-7126-4E5E-A99F-8C0B5FB9C6EC}.Debug|Any CPU.ActiveCfg = Debug|Any CPU
		{515F5107-7126-4E5E-A99F-8C0B5FB9C6EC}.Debug|Any CPU.Build.0 = Debug|Any CPU
		{515F5107-7126-4E5E-A99F-8C0B5FB9C6EC}.Release|Any CPU.ActiveCfg = Release|Any CPU
		{515F5107-7126-4E5E-A99F-8C0B5FB9C6EC}.Release|Any CPU.Build.0 = Release|Any CPU
	EndGlobalSection
	GlobalSection(SolutionProperties) = preSolution
		HideSolutionNode = FALSE
	EndGlobalSection
	GlobalSection(ExtensibilityGlobals) = postSolution
		SolutionGuid = {0CE312C6-E794-4234-A98D-BE9149885E27}
	EndGlobalSection
EndGlobal
